
Microsoft Visual Studio Solution File, Format Version 12.00
# Visual Studio 14
VisualStudioVersion = 14.0.25420.1
MinimumVisualStudioVersion = 10.0.40219.1
Project("{FAE04EC0-301F-11D3-BF4B-00C04F79EFBC}") = "L9T1_truck", "Kayttoliittymat\L9T1_truck.csproj", "{5AC6DC6A-5E91-4D89-B0AD-0553370B332B}"
EndProject
Project("{FAE04EC0-301F-11D3-BF4B-00C04F79EFBC}") = "WPFhello", "..\..\OlioOhj\WPFhello\WPFhello.csproj", "{2AC85FDF-5EF4-4B64-8598-E3A8DFC2C384}"
EndProject
Project("{FAE04EC0-301F-11D3-BF4B-00C04F79EFBC}") = "L9T2_euro-markka-laskuri", "L9T2_euro-markka-laskuri\L9T2_euro-markka-laskuri.csproj", "{D3D489D7-9D00-443F-BA63-BC8B9A94B11D}"
EndProject
Project("{FAE04EC0-301F-11D3-BF4B-00C04F79EFBC}") = "L9T3_ikkuna-laskuri", "L9T3_ikkuna-laskuri\L9T3_ikkuna-laskuri.csproj", "{ABA4674F-C3E6-4EF4-832B-0C01E7E3B154}"
EndProject
Project("{FAE04EC0-301F-11D3-BF4B-00C04F79EFBC}") = "L10T1", "L10T1\L10T1.csproj", "{EBDA7BD4-0BE4-4EFC-8A4B-D5ED767DB459}"
EndProject
Project("{FAE04EC0-301F-11D3-BF4B-00C04F79EFBC}") = "WpfPolyline", "WpfPolyline\WpfPolyline.csproj", "{44E66BA7-A7FF-4F7B-8059-C286196314A2}"
EndProject
Project("{FAE04EC0-301F-11D3-BF4B-00C04F79EFBC}") = "L10T2_grid_control", "L10T2_grid_control\L10T2_grid_control.csproj", "{BFEF4CEC-3F3B-4597-8F37-2179EF08669B}"
EndProject
Project("{FAE04EC0-301F-11D3-BF4B-00C04F79EFBC}") = "L10T3_lottery", "L10T3_lottery\L10T3_lottery.csproj", "{2510221A-F614-47B8-AC13-C949D828F5CD}"
EndProject
Project("{FAE04EC0-301F-11D3-BF4B-00C04F79EFBC}") = "Testi", "Testi\Testi.csproj", "{966479F0-BFA4-48DD-8A5E-4DDE6BF9CC21}"
EndProject
Project("{FAE04EC0-301F-11D3-BF4B-00C04F79EFBC}") = "L10T4_Kiuas", "L10T4_Kiuas\L10T4_Kiuas.csproj", "{4F876990-52C1-4A6F-9A3A-402202B82B96}"
EndProject
Project("{2150E333-8FDC-42A3-9474-1A3956D46DE8}") = "DatabindingDemos", "DatabindingDemos", "{9BC61F4C-49E8-4B92-8C17-B3A8F97FE2A6}"
EndProject
Project("{FAE04EC0-301F-11D3-BF4B-00C04F79EFBC}") = "WPFDataBinding", "WPFDataBinding\WPFDataBinding.csproj", "{347A4065-AAAD-4823-BA80-9A298C567E97}"
EndProject
Project("{FAE04EC0-301F-11D3-BF4B-00C04F79EFBC}") = "BindingDemo", "BindingDemo\BindingDemo.csproj", "{F5539C24-1080-4886-8243-A4852F8DA0D4}"
EndProject
Project("{FAE04EC0-301F-11D3-BF4B-00C04F79EFBC}") = "DataBindingT3", "DataBindingT3\DataBindingT3.csproj", "{DEA16BE6-5430-40A9-A57B-FFE3889F4450}"
EndProject
Project("{FAE04EC0-301F-11D3-BF4B-00C04F79EFBC}") = "MVVMDemo", "MVVMDemo\MVVMDemo.csproj", "{26D856D9-5D16-47BA-88F2-527138373A01}"
EndProject
Project("{FAE04EC0-301F-11D3-BF4B-00C04F79EFBC}") = "PeliKokeilu", "PeliKokeilu\PeliKokeilu.csproj", "{08A63DDD-9085-4D66-82F9-C5A1C5506C7E}"
EndProject
Project("{2150E333-8FDC-42A3-9474-1A3956D46DE8}") = "Harjoitukset", "Harjoitukset", "{3504DDFD-372C-4FF9-99C1-65DF211FE084}"
EndProject
Project("{FAE04EC0-301F-11D3-BF4B-00C04F79EFBC}") = "WPFThreadDemo", "WPFThreadDemo\WPFThreadDemo.csproj", "{27853F9D-33F0-4F4E-B5F4-7B8EC0444F8E}"
EndProject
Project("{FAE04EC0-301F-11D3-BF4B-00C04F79EFBC}") = "WPFVRTrains", "WPFVRTrains\WPFVRTrains.csproj", "{83ADE22A-A507-4538-975F-8D70549DEA18}"
EndProject
Project("{FAE04EC0-301F-11D3-BF4B-00C04F79EFBC}") = "SnakeWPF", "SnakeWPF\SnakeWPF.csproj", "{E28914AC-2E52-4A93-B0E7-A1EE49C4DF98}"
EndProject
Global
	GlobalSection(SolutionConfigurationPlatforms) = preSolution
		Debug|Any CPU = Debug|Any CPU
		Release|Any CPU = Release|Any CPU
	EndGlobalSection
	GlobalSection(ProjectConfigurationPlatforms) = postSolution
		{5AC6DC6A-5E91-4D89-B0AD-0553370B332B}.Debug|Any CPU.ActiveCfg = Debug|Any CPU
		{5AC6DC6A-5E91-4D89-B0AD-0553370B332B}.Debug|Any CPU.Build.0 = Debug|Any CPU
		{5AC6DC6A-5E91-4D89-B0AD-0553370B332B}.Release|Any CPU.ActiveCfg = Release|Any CPU
		{5AC6DC6A-5E91-4D89-B0AD-0553370B332B}.Release|Any CPU.Build.0 = Release|Any CPU
		{2AC85FDF-5EF4-4B64-8598-E3A8DFC2C384}.Debug|Any CPU.ActiveCfg = Debug|Any CPU
		{2AC85FDF-5EF4-4B64-8598-E3A8DFC2C384}.Debug|Any CPU.Build.0 = Debug|Any CPU
		{2AC85FDF-5EF4-4B64-8598-E3A8DFC2C384}.Release|Any CPU.ActiveCfg = Release|Any CPU
		{2AC85FDF-5EF4-4B64-8598-E3A8DFC2C384}.Release|Any CPU.Build.0 = Release|Any CPU
		{D3D489D7-9D00-443F-BA63-BC8B9A94B11D}.Debug|Any CPU.ActiveCfg = Debug|Any CPU
		{D3D489D7-9D00-443F-BA63-BC8B9A94B11D}.Debug|Any CPU.Build.0 = Debug|Any CPU
		{D3D489D7-9D00-443F-BA63-BC8B9A94B11D}.Release|Any CPU.ActiveCfg = Release|Any CPU
		{D3D489D7-9D00-443F-BA63-BC8B9A94B11D}.Release|Any CPU.Build.0 = Release|Any CPU
		{ABA4674F-C3E6-4EF4-832B-0C01E7E3B154}.Debug|Any CPU.ActiveCfg = Debug|Any CPU
		{ABA4674F-C3E6-4EF4-832B-0C01E7E3B154}.Debug|Any CPU.Build.0 = Debug|Any CPU
		{ABA4674F-C3E6-4EF4-832B-0C01E7E3B154}.Release|Any CPU.ActiveCfg = Release|Any CPU
		{ABA4674F-C3E6-4EF4-832B-0C01E7E3B154}.Release|Any CPU.Build.0 = Release|Any CPU
		{EBDA7BD4-0BE4-4EFC-8A4B-D5ED767DB459}.Debug|Any CPU.ActiveCfg = Debug|Any CPU
		{EBDA7BD4-0BE4-4EFC-8A4B-D5ED767DB459}.Debug|Any CPU.Build.0 = Debug|Any CPU
		{EBDA7BD4-0BE4-4EFC-8A4B-D5ED767DB459}.Release|Any CPU.ActiveCfg = Release|Any CPU
		{EBDA7BD4-0BE4-4EFC-8A4B-D5ED767DB459}.Release|Any CPU.Build.0 = Release|Any CPU
		{44E66BA7-A7FF-4F7B-8059-C286196314A2}.Debug|Any CPU.ActiveCfg = Debug|Any CPU
		{44E66BA7-A7FF-4F7B-8059-C286196314A2}.Debug|Any CPU.Build.0 = Debug|Any CPU
		{44E66BA7-A7FF-4F7B-8059-C286196314A2}.Release|Any CPU.ActiveCfg = Release|Any CPU
		{44E66BA7-A7FF-4F7B-8059-C286196314A2}.Release|Any CPU.Build.0 = Release|Any CPU
		{BFEF4CEC-3F3B-4597-8F37-2179EF08669B}.Debug|Any CPU.ActiveCfg = Debug|Any CPU
		{BFEF4CEC-3F3B-4597-8F37-2179EF08669B}.Debug|Any CPU.Build.0 = Debug|Any CPU
		{BFEF4CEC-3F3B-4597-8F37-2179EF08669B}.Release|Any CPU.ActiveCfg = Release|Any CPU
		{BFEF4CEC-3F3B-4597-8F37-2179EF08669B}.Release|Any CPU.Build.0 = Release|Any CPU
		{2510221A-F614-47B8-AC13-C949D828F5CD}.Debug|Any CPU.ActiveCfg = Debug|Any CPU
		{2510221A-F614-47B8-AC13-C949D828F5CD}.Debug|Any CPU.Build.0 = Debug|Any CPU
		{2510221A-F614-47B8-AC13-C949D828F5CD}.Release|Any CPU.ActiveCfg = Release|Any CPU
		{2510221A-F614-47B8-AC13-C949D828F5CD}.Release|Any CPU.Build.0 = Release|Any CPU
		{966479F0-BFA4-48DD-8A5E-4DDE6BF9CC21}.Debug|Any CPU.ActiveCfg = Debug|Any CPU
		{966479F0-BFA4-48DD-8A5E-4DDE6BF9CC21}.Debug|Any CPU.Build.0 = Debug|Any CPU
		{966479F0-BFA4-48DD-8A5E-4DDE6BF9CC21}.Release|Any CPU.ActiveCfg = Release|Any CPU
		{966479F0-BFA4-48DD-8A5E-4DDE6BF9CC21}.Release|Any CPU.Build.0 = Release|Any CPU
		{4F876990-52C1-4A6F-9A3A-402202B82B96}.Debug|Any CPU.ActiveCfg = Debug|Any CPU
		{4F876990-52C1-4A6F-9A3A-402202B82B96}.Debug|Any CPU.Build.0 = Debug|Any CPU
		{4F876990-52C1-4A6F-9A3A-402202B82B96}.Release|Any CPU.ActiveCfg = Release|Any CPU
		{4F876990-52C1-4A6F-9A3A-402202B82B96}.Release|Any CPU.Build.0 = Release|Any CPU
		{347A4065-AAAD-4823-BA80-9A298C567E97}.Debug|Any CPU.ActiveCfg = Debug|Any CPU
		{347A4065-AAAD-4823-BA80-9A298C567E97}.Debug|Any CPU.Build.0 = Debug|Any CPU
		{347A4065-AAAD-4823-BA80-9A298C567E97}.Release|Any CPU.ActiveCfg = Release|Any CPU
		{347A4065-AAAD-4823-BA80-9A298C567E97}.Release|Any CPU.Build.0 = Release|Any CPU
		{F5539C24-1080-4886-8243-A4852F8DA0D4}.Debug|Any CPU.ActiveCfg = Debug|Any CPU
		{F5539C24-1080-4886-8243-A4852F8DA0D4}.Debug|Any CPU.Build.0 = Debug|Any CPU
		{F5539C24-1080-4886-8243-A4852F8DA0D4}.Release|Any CPU.ActiveCfg = Release|Any CPU
		{F5539C24-1080-4886-8243-A4852F8DA0D4}.Release|Any CPU.Build.0 = Release|Any CPU
		{DEA16BE6-5430-40A9-A57B-FFE3889F4450}.Debug|Any CPU.ActiveCfg = Debug|Any CPU
		{DEA16BE6-5430-40A9-A57B-FFE3889F4450}.Debug|Any CPU.Build.0 = Debug|Any CPU
		{DEA16BE6-5430-40A9-A57B-FFE3889F4450}.Release|Any CPU.ActiveCfg = Release|Any CPU
		{DEA16BE6-5430-40A9-A57B-FFE3889F4450}.Release|Any CPU.Build.0 = Release|Any CPU
		{26D856D9-5D16-47BA-88F2-527138373A01}.Debug|Any CPU.ActiveCfg = Debug|Any CPU
		{26D856D9-5D16-47BA-88F2-527138373A01}.Debug|Any CPU.Build.0 = Debug|Any CPU
		{26D856D9-5D16-47BA-88F2-527138373A01}.Release|Any CPU.ActiveCfg = Release|Any CPU
		{26D856D9-5D16-47BA-88F2-527138373A01}.Release|Any CPU.Build.0 = Release|Any CPU
		{08A63DDD-9085-4D66-82F9-C5A1C5506C7E}.Debug|Any CPU.ActiveCfg = Debug|Any CPU
		{08A63DDD-9085-4D66-82F9-C5A1C5506C7E}.Debug|Any CPU.Build.0 = Debug|Any CPU
		{08A63DDD-9085-4D66-82F9-C5A1C5506C7E}.Release|Any CPU.ActiveCfg = Release|Any CPU
		{08A63DDD-9085-4D66-82F9-C5A1C5506C7E}.Release|Any CPU.Build.0 = Release|Any CPU
		{27853F9D-33F0-4F4E-B5F4-7B8EC0444F8E}.Debug|Any CPU.ActiveCfg = Debug|Any CPU
		{27853F9D-33F0-4F4E-B5F4-7B8EC0444F8E}.Debug|Any CPU.Build.0 = Debug|Any CPU
		{27853F9D-33F0-4F4E-B5F4-7B8EC0444F8E}.Release|Any CPU.ActiveCfg = Release|Any CPU
		{27853F9D-33F0-4F4E-B5F4-7B8EC0444F8E}.Release|Any CPU.Build.0 = Release|Any CPU
		{83ADE22A-A507-4538-975F-8D70549DEA18}.Debug|Any CPU.ActiveCfg = Debug|Any CPU
		{83ADE22A-A507-4538-975F-8D70549DEA18}.Debug|Any CPU.Build.0 = Debug|Any CPU
		{83ADE22A-A507-4538-975F-8D70549DEA18}.Release|Any CPU.ActiveCfg = Release|Any CPU
		{83ADE22A-A507-4538-975F-8D70549DEA18}.Release|Any CPU.Build.0 = Release|Any CPU
		{E28914AC-2E52-4A93-B0E7-A1EE49C4DF98}.Debug|Any CPU.ActiveCfg = Debug|Any CPU
		{E28914AC-2E52-4A93-B0E7-A1EE49C4DF98}.Debug|Any CPU.Build.0 = Debug|Any CPU
		{E28914AC-2E52-4A93-B0E7-A1EE49C4DF98}.Release|Any CPU.ActiveCfg = Release|Any CPU
		{E28914AC-2E52-4A93-B0E7-A1EE49C4DF98}.Release|Any CPU.Build.0 = Release|Any CPU
	EndGlobalSection
	GlobalSection(SolutionProperties) = preSolution
		HideSolutionNode = FALSE
	EndGlobalSection
	GlobalSection(NestedProjects) = preSolution
		{5AC6DC6A-5E91-4D89-B0AD-0553370B332B} = {3504DDFD-372C-4FF9-99C1-65DF211FE084}
		{D3D489D7-9D00-443F-BA63-BC8B9A94B11D} = {3504DDFD-372C-4FF9-99C1-65DF211FE084}
		{ABA4674F-C3E6-4EF4-832B-0C01E7E3B154} = {3504DDFD-372C-4FF9-99C1-65DF211FE084}
		{EBDA7BD4-0BE4-4EFC-8A4B-D5ED767DB459} = {3504DDFD-372C-4FF9-99C1-65DF211FE084}
		{BFEF4CEC-3F3B-4597-8F37-2179EF08669B} = {3504DDFD-372C-4FF9-99C1-65DF211FE084}
		{2510221A-F614-47B8-AC13-C949D828F5CD} = {3504DDFD-372C-4FF9-99C1-65DF211FE084}
		{4F876990-52C1-4A6F-9A3A-402202B82B96} = {3504DDFD-372C-4FF9-99C1-65DF211FE084}
		{347A4065-AAAD-4823-BA80-9A298C567E97} = {9BC61F4C-49E8-4B92-8C17-B3A8F97FE2A6}
		{F5539C24-1080-4886-8243-A4852F8DA0D4} = {9BC61F4C-49E8-4B92-8C17-B3A8F97FE2A6}
		{DEA16BE6-5430-40A9-A57B-FFE3889F4450} = {9BC61F4C-49E8-4B92-8C17-B3A8F97FE2A6}
		{26D856D9-5D16-47BA-88F2-527138373A01} = {9BC61F4C-49E8-4B92-8C17-B3A8F97FE2A6}
	EndGlobalSection
EndGlobal
